// !$*UTF8*$!
{
	archiveVersion = 1;
	classes = {
	};
	objectVersion = 55;
	objects = {

/* Begin PBXBuildFile section */
		17ECF631280C438F00D3E87F /* AppDelegate.swift in Sources */ = {isa = PBXBuildFile; fileRef = 17ECF630280C438F00D3E87F /* AppDelegate.swift */; };
		17ECF633280C438F00D3E87F /* SceneDelegate.swift in Sources */ = {isa = PBXBuildFile; fileRef = 17ECF632280C438F00D3E87F /* SceneDelegate.swift */; };
		17ECF63A280C438F00D3E87F /* Assets.xcassets in Resources */ = {isa = PBXBuildFile; fileRef = 17ECF639280C438F00D3E87F /* Assets.xcassets */; };
		17ECF63D280C438F00D3E87F /* LaunchScreen.storyboard in Resources */ = {isa = PBXBuildFile; fileRef = 17ECF63B280C438F00D3E87F /* LaunchScreen.storyboard */; };
		17ECF648280C450600D3E87F /* Coordinator.swift in Sources */ = {isa = PBXBuildFile; fileRef = 17ECF647280C450600D3E87F /* Coordinator.swift */; };
		17ECF655280C4A6200D3E87F /* MainCoordinator.swift in Sources */ = {isa = PBXBuildFile; fileRef = 17ECF654280C4A6200D3E87F /* MainCoordinator.swift */; };
		6147708E294A049D00E988CD /* FirebaseAnnounce.swift in Sources */ = {isa = PBXBuildFile; fileRef = 6147700A294A049C00E988CD /* FirebaseAnnounce.swift */; };
		6147708F294A049D00E988CD /* AnnounceRepo.swift in Sources */ = {isa = PBXBuildFile; fileRef = 6147700C294A049C00E988CD /* AnnounceRepo.swift */; };
		61477090294A049D00E988CD /* getAnnounceDI.swift in Sources */ = {isa = PBXBuildFile; fileRef = 6147700E294A049C00E988CD /* getAnnounceDI.swift */; };
		61477091294A049D00E988CD /* AnnounceDetailedViewVM.swift in Sources */ = {isa = PBXBuildFile; fileRef = 61477011294A049C00E988CD /* AnnounceDetailedViewVM.swift */; };
		61477092294A049D00E988CD /* AnnounceView.swift in Sources */ = {isa = PBXBuildFile; fileRef = 61477012294A049C00E988CD /* AnnounceView.swift */; };
		61477093294A049D00E988CD /* SingleAnnounceView.swift in Sources */ = {isa = PBXBuildFile; fileRef = 61477014294A049C00E988CD /* SingleAnnounceView.swift */; };
		61477094294A049D00E988CD /* AnnouncesListVM.swift in Sources */ = {isa = PBXBuildFile; fileRef = 61477015294A049C00E988CD /* AnnouncesListVM.swift */; };
		61477096294A049D00E988CD /* SearchFilterView.swift in Sources */ = {isa = PBXBuildFile; fileRef = 61477018294A049C00E988CD /* SearchFilterView.swift */; };
		61477097294A049D00E988CD /* SearchFilterVM.swift in Sources */ = {isa = PBXBuildFile; fileRef = 61477019294A049C00E988CD /* SearchFilterVM.swift */; };
		61477099294A049D00E988CD /* CreateAnnounceFirebase.swift in Sources */ = {isa = PBXBuildFile; fileRef = 6147701D294A049C00E988CD /* CreateAnnounceFirebase.swift */; };
		6147709A294A049D00E988CD /* CreateAnnounceDI.swift in Sources */ = {isa = PBXBuildFile; fileRef = 6147701F294A049C00E988CD /* CreateAnnounceDI.swift */; };
		6147709B294A049D00E988CD /* CreateAnnounce.swift in Sources */ = {isa = PBXBuildFile; fileRef = 61477021294A049C00E988CD /* CreateAnnounce.swift */; };
		6147709C294A049D00E988CD /* CreateAnnounceVM.swift in Sources */ = {isa = PBXBuildFile; fileRef = 61477023294A049C00E988CD /* CreateAnnounceVM.swift */; };
		6147709F294A049D00E988CD /* PhotoUploadView.swift in Sources */ = {isa = PBXBuildFile; fileRef = 61477027294A049C00E988CD /* PhotoUploadView.swift */; };
		614770A6294A049D00E988CD /* StartPageCreateAnnounce.swift in Sources */ = {isa = PBXBuildFile; fileRef = 6147702F294A049C00E988CD /* StartPageCreateAnnounce.swift */; };
		614770A7294A049D00E988CD /* Announce.swift in Sources */ = {isa = PBXBuildFile; fileRef = 61477031294A049C00E988CD /* Announce.swift */; };
		614770A8294A049D00E988CD /* AppLogger.swift in Sources */ = {isa = PBXBuildFile; fileRef = 61477034294A049C00E988CD /* AppLogger.swift */; };
		614770A9294A049D00E988CD /* DI_Logger.swift in Sources */ = {isa = PBXBuildFile; fileRef = 61477036294A049C00E988CD /* DI_Logger.swift */; };
		614770AA294A049D00E988CD /* LoggingState.swift in Sources */ = {isa = PBXBuildFile; fileRef = 61477038294A049C00E988CD /* LoggingState.swift */; };
		614770AB294A049D00E988CD /* GoogleSignIn.swift in Sources */ = {isa = PBXBuildFile; fileRef = 6147703A294A049C00E988CD /* GoogleSignIn.swift */; };
		614770AC294A049D00E988CD /* fbSignIn.swift in Sources */ = {isa = PBXBuildFile; fileRef = 6147703B294A049C00E988CD /* fbSignIn.swift */; };
		614770AD294A049D00E988CD /* FirebaseSignIn.swift in Sources */ = {isa = PBXBuildFile; fileRef = 6147703C294A049C00E988CD /* FirebaseSignIn.swift */; };
		614770AE294A049D00E988CD /* RegisterEmailVM.swift in Sources */ = {isa = PBXBuildFile; fileRef = 6147703E294A049C00E988CD /* RegisterEmailVM.swift */; };
		614770AF294A049D00E988CD /* LoginRestrictedView.swift in Sources */ = {isa = PBXBuildFile; fileRef = 6147703F294A049C00E988CD /* LoginRestrictedView.swift */; };
		614770B0294A049D00E988CD /* LoginView.swift in Sources */ = {isa = PBXBuildFile; fileRef = 61477040294A049C00E988CD /* LoginView.swift */; };
		614770B1294A049D00E988CD /* SignInWithCorrectProviderView.swift in Sources */ = {isa = PBXBuildFile; fileRef = 61477041294A049C00E988CD /* SignInWithCorrectProviderView.swift */; };
		614770B2294A049D00E988CD /* EmailSignInView.swift in Sources */ = {isa = PBXBuildFile; fileRef = 61477043294A049C00E988CD /* EmailSignInView.swift */; };
		614770B3294A049D00E988CD /* FederatedSignInView.swift in Sources */ = {isa = PBXBuildFile; fileRef = 61477044294A049C00E988CD /* FederatedSignInView.swift */; };
		614770B4294A049D00E988CD /* SignInWithCorrectProviderVM.swift in Sources */ = {isa = PBXBuildFile; fileRef = 61477045294A049C00E988CD /* SignInWithCorrectProviderVM.swift */; };
		614770B5294A049D00E988CD /* LoginVM.swift in Sources */ = {isa = PBXBuildFile; fileRef = 61477046294A049C00E988CD /* LoginVM.swift */; };
		614770B6294A049D00E988CD /* RegisterEmailView.swift in Sources */ = {isa = PBXBuildFile; fileRef = 61477047294A049C00E988CD /* RegisterEmailView.swift */; };
		614770B7294A049D00E988CD /* FireBaseFavourite.swift in Sources */ = {isa = PBXBuildFile; fileRef = 6147704A294A049C00E988CD /* FireBaseFavourite.swift */; };
		614770B8294A049D00E988CD /* FavouriteDomaine.swift in Sources */ = {isa = PBXBuildFile; fileRef = 6147704C294A049C00E988CD /* FavouriteDomaine.swift */; };
		614770B9294A049D00E988CD /* FavouriteDI.swift in Sources */ = {isa = PBXBuildFile; fileRef = 6147704E294A049C00E988CD /* FavouriteDI.swift */; };
		614770BA294A049D00E988CD /* Favourite.swift in Sources */ = {isa = PBXBuildFile; fileRef = 61477050294A049C00E988CD /* Favourite.swift */; };
		614770BB294A049D00E988CD /* FavouriteVM.swift in Sources */ = {isa = PBXBuildFile; fileRef = 61477052294A049C00E988CD /* FavouriteVM.swift */; };
		614770BD294A049D00E988CD /* FirebaseUserProfile.swift in Sources */ = {isa = PBXBuildFile; fileRef = 61477056294A049C00E988CD /* FirebaseUserProfile.swift */; };
		614770BE294A049D00E988CD /* GetUserProfile.swift in Sources */ = {isa = PBXBuildFile; fileRef = 61477058294A049C00E988CD /* GetUserProfile.swift */; };
		614770BF294A049D00E988CD /* WriteUserProfile.swift in Sources */ = {isa = PBXBuildFile; fileRef = 61477059294A049C00E988CD /* WriteUserProfile.swift */; };
		614770C0294A049D00E988CD /* UserDI.swift in Sources */ = {isa = PBXBuildFile; fileRef = 6147705B294A049C00E988CD /* UserDI.swift */; };
		614770C1294A049D00E988CD /* User.swift in Sources */ = {isa = PBXBuildFile; fileRef = 6147705D294A049C00E988CD /* User.swift */; };
		614770C2294A049D00E988CD /* MyAnnouncesView.swift in Sources */ = {isa = PBXBuildFile; fileRef = 6147705F294A049C00E988CD /* MyAnnouncesView.swift */; };
		614770C3294A049D00E988CD /* MyAccountVM.swift in Sources */ = {isa = PBXBuildFile; fileRef = 61477060294A049C00E988CD /* MyAccountVM.swift */; };
		614770C4294A049D00E988CD /* UserProfileView.swift in Sources */ = {isa = PBXBuildFile; fileRef = 61477061294A049C00E988CD /* UserProfileView.swift */; };
		614770C5294A049D00E988CD /* UserProfileVM.swift in Sources */ = {isa = PBXBuildFile; fileRef = 61477062294A049C00E988CD /* UserProfileVM.swift */; };
		614770C6294A049D00E988CD /* MyAnnounceVM.swift in Sources */ = {isa = PBXBuildFile; fileRef = 61477063294A049C00E988CD /* MyAnnounceVM.swift */; };
		614770C7294A049D00E988CD /* MyAccountView.swift in Sources */ = {isa = PBXBuildFile; fileRef = 61477064294A049C00E988CD /* MyAccountView.swift */; };
		614770C8294A049D00E988CD /* FirebaseMessage.swift in Sources */ = {isa = PBXBuildFile; fileRef = 61477067294A049D00E988CD /* FirebaseMessage.swift */; };
		614770C9294A049D00E988CD /* MessageGet.swift in Sources */ = {isa = PBXBuildFile; fileRef = 61477069294A049D00E988CD /* MessageGet.swift */; };
		614770CA294A049D00E988CD /* MessageCreateUpdate.swift in Sources */ = {isa = PBXBuildFile; fileRef = 6147706A294A049D00E988CD /* MessageCreateUpdate.swift */; };
		614770CB294A049D00E988CD /* MessageDI.swift in Sources */ = {isa = PBXBuildFile; fileRef = 6147706C294A049D00E988CD /* MessageDI.swift */; };
		614770CC294A049D00E988CD /* Message.swift in Sources */ = {isa = PBXBuildFile; fileRef = 6147706E294A049D00E988CD /* Message.swift */; };
		614770CD294A049D00E988CD /* ChatVM.swift in Sources */ = {isa = PBXBuildFile; fileRef = 61477071294A049D00E988CD /* ChatVM.swift */; };
		614770CE294A049D00E988CD /* ChatView.swift in Sources */ = {isa = PBXBuildFile; fileRef = 61477072294A049D00E988CD /* ChatView.swift */; };
		614770CF294A049D00E988CD /* MessageAnnounceRowView.swift in Sources */ = {isa = PBXBuildFile; fileRef = 61477075294A049D00E988CD /* MessageAnnounceRowView.swift */; };
		614770D0294A049D00E988CD /* MessagesView.swift in Sources */ = {isa = PBXBuildFile; fileRef = 61477076294A049D00E988CD /* MessagesView.swift */; };
		614770D1294A049D00E988CD /* MessagesVM.swift in Sources */ = {isa = PBXBuildFile; fileRef = 61477077294A049D00E988CD /* MessagesVM.swift */; };
		614770D2294A049D00E988CD /* FirebaseGeneralQuery.swift in Sources */ = {isa = PBXBuildFile; fileRef = 6147707A294A049D00E988CD /* FirebaseGeneralQuery.swift */; };
		614770D3294A049D00E988CD /* FirebaseStorageGeneralQuery.swift in Sources */ = {isa = PBXBuildFile; fileRef = 6147707B294A049D00E988CD /* FirebaseStorageGeneralQuery.swift */; };
		614770D4294A049D00E988CD /* DIAssembler.swift in Sources */ = {isa = PBXBuildFile; fileRef = 6147707D294A049D00E988CD /* DIAssembler.swift */; };
		614770D5294A049D00E988CD /* FavouriteHeartView.swift in Sources */ = {isa = PBXBuildFile; fileRef = 6147707F294A049D00E988CD /* FavouriteHeartView.swift */; };
		614770D6294A049D00E988CD /* PhotoView.swift in Sources */ = {isa = PBXBuildFile; fileRef = 61477081294A049D00E988CD /* PhotoView.swift */; };
		614770D7294A049D00E988CD /* ImagePicker.swift in Sources */ = {isa = PBXBuildFile; fileRef = 61477082294A049D00E988CD /* ImagePicker.swift */; };
		614770D8294A049D00E988CD /* Camera.swift in Sources */ = {isa = PBXBuildFile; fileRef = 61477083294A049D00E988CD /* Camera.swift */; };
		614770D9294A049D00E988CD /* FirebaseCategories.swift in Sources */ = {isa = PBXBuildFile; fileRef = 61477086294A049D00E988CD /* FirebaseCategories.swift */; };
		614770DA294A049D00E988CD /* CategoriesDI.swift in Sources */ = {isa = PBXBuildFile; fileRef = 61477088294A049D00E988CD /* CategoriesDI.swift */; };
		614770DB294A049D00E988CD /* Category.swift in Sources */ = {isa = PBXBuildFile; fileRef = 6147708A294A049D00E988CD /* Category.swift */; };
		614770DC294A049D00E988CD /* listOfCategoriesView.swift in Sources */ = {isa = PBXBuildFile; fileRef = 6147708C294A049D00E988CD /* listOfCategoriesView.swift */; };
		614770DD294A049D00E988CD /* CategoriesViewVM.swift in Sources */ = {isa = PBXBuildFile; fileRef = 6147708D294A049D00E988CD /* CategoriesViewVM.swift */; };
		614770DF294A0B7000E988CD /* GoogleService-Info.plist in Resources */ = {isa = PBXBuildFile; fileRef = 614770DE294A0B7000E988CD /* GoogleService-Info.plist */; };
		614770E7294A0E6E00E988CD /* GoogleSignIn in Frameworks */ = {isa = PBXBuildFile; productRef = 614770E6294A0E6E00E988CD /* GoogleSignIn */; };
		614770E9294A0E6E00E988CD /* GoogleSignInSwift in Frameworks */ = {isa = PBXBuildFile; productRef = 614770E8294A0E6E00E988CD /* GoogleSignInSwift */; };
		614770ED294A33B500E988CD /* LogginStateUikit.swift in Sources */ = {isa = PBXBuildFile; fileRef = 614770EC294A33B500E988CD /* LogginStateUikit.swift */; };
		614770EF294B0F4400E988CD /* LoginCoordinator.swift in Sources */ = {isa = PBXBuildFile; fileRef = 614770EE294B0F4400E988CD /* LoginCoordinator.swift */; };
		61477100294B559E00E988CD /* UserCoordinator.swift in Sources */ = {isa = PBXBuildFile; fileRef = 614770FF294B559E00E988CD /* UserCoordinator.swift */; };
		61477102294B744300E988CD /* MessageCoordinator.swift in Sources */ = {isa = PBXBuildFile; fileRef = 61477101294B744300E988CD /* MessageCoordinator.swift */; };
		61477104294CADAB00E988CD /* CreateAnnounceCoordinator.swift in Sources */ = {isa = PBXBuildFile; fileRef = 61477103294CADAB00E988CD /* CreateAnnounceCoordinator.swift */; };
		61477108294CBAED00E988CD /* SelectionCondition2.swift in Sources */ = {isa = PBXBuildFile; fileRef = 61477107294CBAED00E988CD /* SelectionCondition2.swift */; };
		6147710A294CC2FC00E988CD /* CommonPartCreateAnnounceUikit.swift in Sources */ = {isa = PBXBuildFile; fileRef = 61477109294CC2FC00E988CD /* CommonPartCreateAnnounceUikit.swift */; };
		6147710C294DD19000E988CD /* CategorySelection2.swift in Sources */ = {isa = PBXBuildFile; fileRef = 6147710B294DD19000E988CD /* CategorySelection2.swift */; };
		6147710E294DD8CD00E988CD /* SelectionTitle2.swift in Sources */ = {isa = PBXBuildFile; fileRef = 6147710D294DD8CD00E988CD /* SelectionTitle2.swift */; };
		61477110294DE03B00E988CD /* SelectionAddress2.swift in Sources */ = {isa = PBXBuildFile; fileRef = 6147710F294DE03B00E988CD /* SelectionAddress2.swift */; };
		61477112294DE58900E988CD /* PhotoUploadSheet2.swift in Sources */ = {isa = PBXBuildFile; fileRef = 61477111294DE58900E988CD /* PhotoUploadSheet2.swift */; };
		61477114294DF19F00E988CD /* RecapCreateAnnounce2.swift in Sources */ = {isa = PBXBuildFile; fileRef = 61477113294DF19F00E988CD /* RecapCreateAnnounce2.swift */; };
		61477116294EEBC500E988CD /* GetAnnounceCoordinator.swift in Sources */ = {isa = PBXBuildFile; fileRef = 61477115294EEBC500E988CD /* GetAnnounceCoordinator.swift */; };
		61477118294EF08B00E988CD /* SearchFilterView2.swift in Sources */ = {isa = PBXBuildFile; fileRef = 61477117294EF08B00E988CD /* SearchFilterView2.swift */; };
		6147711A294F013300E988CD /* HomePageView2.swift in Sources */ = {isa = PBXBuildFile; fileRef = 61477119294F013300E988CD /* HomePageView2.swift */; };
		6147711C2952FA2300E988CD /* FavouriteCoordinator.swift in Sources */ = {isa = PBXBuildFile; fileRef = 6147711B2952FA2300E988CD /* FavouriteCoordinator.swift */; };
		6163393D294A01CE006A10A5 /* NukeUI in Frameworks */ = {isa = PBXBuildFile; productRef = 6163393C294A01CE006A10A5 /* NukeUI */; };
		61633945294A0280006A10A5 /* FirebaseAuth in Frameworks */ = {isa = PBXBuildFile; productRef = 61633944294A0280006A10A5 /* FirebaseAuth */; };
		61633947294A0280006A10A5 /* FirebaseFirestore in Frameworks */ = {isa = PBXBuildFile; productRef = 61633946294A0280006A10A5 /* FirebaseFirestore */; };
		61633949294A0280006A10A5 /* FirebaseFirestoreSwift in Frameworks */ = {isa = PBXBuildFile; productRef = 61633948294A0280006A10A5 /* FirebaseFirestoreSwift */; };
		6163394B294A0280006A10A5 /* FirebaseStorage in Frameworks */ = {isa = PBXBuildFile; productRef = 6163394A294A0280006A10A5 /* FirebaseStorage */; };
		6163394E294A0321006A10A5 /* Swinject in Frameworks */ = {isa = PBXBuildFile; productRef = 6163394D294A0321006A10A5 /* Swinject */; };
		61B546DE295AE6C50083C71F /* FavouriteViewUikit.swift in Sources */ = {isa = PBXBuildFile; fileRef = 61B546DC295AE6C50083C71F /* FavouriteViewUikit.swift */; };
		61B546DF295AE6C50083C71F /* FavouriteViewUikit.xib in Resources */ = {isa = PBXBuildFile; fileRef = 61B546DD295AE6C50083C71F /* FavouriteViewUikit.xib */; };
		61B546E2295AEFB90083C71F /* FavouriteViewUikitCell.swift in Sources */ = {isa = PBXBuildFile; fileRef = 61B546E0295AEFB90083C71F /* FavouriteViewUikitCell.swift */; };
		61B546E3295AEFB90083C71F /* FavouriteViewUikitCell.xib in Resources */ = {isa = PBXBuildFile; fileRef = 61B546E1295AEFB90083C71F /* FavouriteViewUikitCell.xib */; };
		61B546EA295B3D2C0083C71F /* SDWebImage in Frameworks */ = {isa = PBXBuildFile; productRef = 61B546E9295B3D2C0083C71F /* SDWebImage */; };
		61B546ED29641AE70083C71F /* AnnounceDetailedViewUikit.swift in Sources */ = {isa = PBXBuildFile; fileRef = 61B546EB29641AE70083C71F /* AnnounceDetailedViewUikit.swift */; };
		61B546EE29641AE70083C71F /* AnnounceDetailedViewUikit.xib in Resources */ = {isa = PBXBuildFile; fileRef = 61B546EC29641AE70083C71F /* AnnounceDetailedViewUikit.xib */; };
		61B546F129657F6B0083C71F /* AnnounceCell.swift in Sources */ = {isa = PBXBuildFile; fileRef = 61B546EF29657F6B0083C71F /* AnnounceCell.swift */; };
		61B546F229657F6B0083C71F /* AnnounceCell.xib in Resources */ = {isa = PBXBuildFile; fileRef = 61B546F029657F6B0083C71F /* AnnounceCell.xib */; };
		61B546F5296588730083C71F /* AnnouncesListViewUikit.swift in Sources */ = {isa = PBXBuildFile; fileRef = 61B546F3296588730083C71F /* AnnouncesListViewUikit.swift */; };
		61B546F6296588730083C71F /* AnnouncesListViewUikit.xib in Resources */ = {isa = PBXBuildFile; fileRef = 61B546F4296588730083C71F /* AnnouncesListViewUikit.xib */; };
/* End PBXBuildFile section */

/* Begin PBXFileReference section */
		17ECF62D280C438F00D3E87F /* CoordinatorProject.app */ = {isa = PBXFileReference; explicitFileType = wrapper.application; includeInIndex = 0; path = CoordinatorProject.app; sourceTree = BUILT_PRODUCTS_DIR; };
		17ECF630280C438F00D3E87F /* AppDelegate.swift */ = {isa = PBXFileReference; lastKnownFileType = sourcecode.swift; path = AppDelegate.swift; sourceTree = "<group>"; };
		17ECF632280C438F00D3E87F /* SceneDelegate.swift */ = {isa = PBXFileReference; lastKnownFileType = sourcecode.swift; path = SceneDelegate.swift; sourceTree = "<group>"; };
		17ECF639280C438F00D3E87F /* Assets.xcassets */ = {isa = PBXFileReference; lastKnownFileType = folder.assetcatalog; path = Assets.xcassets; sourceTree = "<group>"; };
		17ECF63C280C438F00D3E87F /* Base */ = {isa = PBXFileReference; lastKnownFileType = file.storyboard; name = Base; path = Base.lproj/LaunchScreen.storyboard; sourceTree = "<group>"; };
		17ECF63E280C438F00D3E87F /* Info.plist */ = {isa = PBXFileReference; lastKnownFileType = text.plist.xml; path = Info.plist; sourceTree = "<group>"; };
		17ECF647280C450600D3E87F /* Coordinator.swift */ = {isa = PBXFileReference; lastKnownFileType = sourcecode.swift; path = Coordinator.swift; sourceTree = "<group>"; };
		17ECF654280C4A6200D3E87F /* MainCoordinator.swift */ = {isa = PBXFileReference; lastKnownFileType = sourcecode.swift; path = MainCoordinator.swift; sourceTree = "<group>"; };
		6147700A294A049C00E988CD /* FirebaseAnnounce.swift */ = {isa = PBXFileReference; fileEncoding = 4; lastKnownFileType = sourcecode.swift; path = FirebaseAnnounce.swift; sourceTree = "<group>"; };
		6147700C294A049C00E988CD /* AnnounceRepo.swift */ = {isa = PBXFileReference; fileEncoding = 4; lastKnownFileType = sourcecode.swift; path = AnnounceRepo.swift; sourceTree = "<group>"; };
		6147700E294A049C00E988CD /* getAnnounceDI.swift */ = {isa = PBXFileReference; fileEncoding = 4; lastKnownFileType = sourcecode.swift; path = getAnnounceDI.swift; sourceTree = "<group>"; };
		61477011294A049C00E988CD /* AnnounceDetailedViewVM.swift */ = {isa = PBXFileReference; fileEncoding = 4; lastKnownFileType = sourcecode.swift; path = AnnounceDetailedViewVM.swift; sourceTree = "<group>"; };
		61477012294A049C00E988CD /* AnnounceView.swift */ = {isa = PBXFileReference; fileEncoding = 4; lastKnownFileType = sourcecode.swift; path = AnnounceView.swift; sourceTree = "<group>"; };
		61477014294A049C00E988CD /* SingleAnnounceView.swift */ = {isa = PBXFileReference; fileEncoding = 4; lastKnownFileType = sourcecode.swift; path = SingleAnnounceView.swift; sourceTree = "<group>"; };
		61477015294A049C00E988CD /* AnnouncesListVM.swift */ = {isa = PBXFileReference; fileEncoding = 4; lastKnownFileType = sourcecode.swift; path = AnnouncesListVM.swift; sourceTree = "<group>"; };
		61477018294A049C00E988CD /* SearchFilterView.swift */ = {isa = PBXFileReference; fileEncoding = 4; lastKnownFileType = sourcecode.swift; path = SearchFilterView.swift; sourceTree = "<group>"; };
		61477019294A049C00E988CD /* SearchFilterVM.swift */ = {isa = PBXFileReference; fileEncoding = 4; lastKnownFileType = sourcecode.swift; path = SearchFilterVM.swift; sourceTree = "<group>"; };
		6147701D294A049C00E988CD /* CreateAnnounceFirebase.swift */ = {isa = PBXFileReference; fileEncoding = 4; lastKnownFileType = sourcecode.swift; path = CreateAnnounceFirebase.swift; sourceTree = "<group>"; };
		6147701F294A049C00E988CD /* CreateAnnounceDI.swift */ = {isa = PBXFileReference; fileEncoding = 4; lastKnownFileType = sourcecode.swift; path = CreateAnnounceDI.swift; sourceTree = "<group>"; };
		61477021294A049C00E988CD /* CreateAnnounce.swift */ = {isa = PBXFileReference; fileEncoding = 4; lastKnownFileType = sourcecode.swift; path = CreateAnnounce.swift; sourceTree = "<group>"; };
		61477023294A049C00E988CD /* CreateAnnounceVM.swift */ = {isa = PBXFileReference; fileEncoding = 4; lastKnownFileType = sourcecode.swift; path = CreateAnnounceVM.swift; sourceTree = "<group>"; };
		61477027294A049C00E988CD /* PhotoUploadView.swift */ = {isa = PBXFileReference; fileEncoding = 4; lastKnownFileType = sourcecode.swift; path = PhotoUploadView.swift; sourceTree = "<group>"; };
		6147702F294A049C00E988CD /* StartPageCreateAnnounce.swift */ = {isa = PBXFileReference; fileEncoding = 4; lastKnownFileType = sourcecode.swift; path = StartPageCreateAnnounce.swift; sourceTree = "<group>"; };
		61477031294A049C00E988CD /* Announce.swift */ = {isa = PBXFileReference; fileEncoding = 4; lastKnownFileType = sourcecode.swift; path = Announce.swift; sourceTree = "<group>"; };
		61477034294A049C00E988CD /* AppLogger.swift */ = {isa = PBXFileReference; fileEncoding = 4; lastKnownFileType = sourcecode.swift; path = AppLogger.swift; sourceTree = "<group>"; };
		61477036294A049C00E988CD /* DI_Logger.swift */ = {isa = PBXFileReference; fileEncoding = 4; lastKnownFileType = sourcecode.swift; path = DI_Logger.swift; sourceTree = "<group>"; };
		61477038294A049C00E988CD /* LoggingState.swift */ = {isa = PBXFileReference; fileEncoding = 4; lastKnownFileType = sourcecode.swift; path = LoggingState.swift; sourceTree = "<group>"; };
		6147703A294A049C00E988CD /* GoogleSignIn.swift */ = {isa = PBXFileReference; fileEncoding = 4; lastKnownFileType = sourcecode.swift; path = GoogleSignIn.swift; sourceTree = "<group>"; };
		6147703B294A049C00E988CD /* fbSignIn.swift */ = {isa = PBXFileReference; fileEncoding = 4; lastKnownFileType = sourcecode.swift; path = fbSignIn.swift; sourceTree = "<group>"; };
		6147703C294A049C00E988CD /* FirebaseSignIn.swift */ = {isa = PBXFileReference; fileEncoding = 4; lastKnownFileType = sourcecode.swift; path = FirebaseSignIn.swift; sourceTree = "<group>"; };
		6147703E294A049C00E988CD /* RegisterEmailVM.swift */ = {isa = PBXFileReference; fileEncoding = 4; lastKnownFileType = sourcecode.swift; path = RegisterEmailVM.swift; sourceTree = "<group>"; };
		6147703F294A049C00E988CD /* LoginRestrictedView.swift */ = {isa = PBXFileReference; fileEncoding = 4; lastKnownFileType = sourcecode.swift; path = LoginRestrictedView.swift; sourceTree = "<group>"; };
		61477040294A049C00E988CD /* LoginView.swift */ = {isa = PBXFileReference; fileEncoding = 4; lastKnownFileType = sourcecode.swift; path = LoginView.swift; sourceTree = "<group>"; };
		61477041294A049C00E988CD /* SignInWithCorrectProviderView.swift */ = {isa = PBXFileReference; fileEncoding = 4; lastKnownFileType = sourcecode.swift; path = SignInWithCorrectProviderView.swift; sourceTree = "<group>"; };
		61477043294A049C00E988CD /* EmailSignInView.swift */ = {isa = PBXFileReference; fileEncoding = 4; lastKnownFileType = sourcecode.swift; path = EmailSignInView.swift; sourceTree = "<group>"; };
		61477044294A049C00E988CD /* FederatedSignInView.swift */ = {isa = PBXFileReference; fileEncoding = 4; lastKnownFileType = sourcecode.swift; path = FederatedSignInView.swift; sourceTree = "<group>"; };
		61477045294A049C00E988CD /* SignInWithCorrectProviderVM.swift */ = {isa = PBXFileReference; fileEncoding = 4; lastKnownFileType = sourcecode.swift; path = SignInWithCorrectProviderVM.swift; sourceTree = "<group>"; };
		61477046294A049C00E988CD /* LoginVM.swift */ = {isa = PBXFileReference; fileEncoding = 4; lastKnownFileType = sourcecode.swift; path = LoginVM.swift; sourceTree = "<group>"; };
		61477047294A049C00E988CD /* RegisterEmailView.swift */ = {isa = PBXFileReference; fileEncoding = 4; lastKnownFileType = sourcecode.swift; path = RegisterEmailView.swift; sourceTree = "<group>"; };
		6147704A294A049C00E988CD /* FireBaseFavourite.swift */ = {isa = PBXFileReference; fileEncoding = 4; lastKnownFileType = sourcecode.swift; path = FireBaseFavourite.swift; sourceTree = "<group>"; };
		6147704C294A049C00E988CD /* FavouriteDomaine.swift */ = {isa = PBXFileReference; fileEncoding = 4; lastKnownFileType = sourcecode.swift; path = FavouriteDomaine.swift; sourceTree = "<group>"; };
		6147704E294A049C00E988CD /* FavouriteDI.swift */ = {isa = PBXFileReference; fileEncoding = 4; lastKnownFileType = sourcecode.swift; path = FavouriteDI.swift; sourceTree = "<group>"; };
		61477050294A049C00E988CD /* Favourite.swift */ = {isa = PBXFileReference; fileEncoding = 4; lastKnownFileType = sourcecode.swift; path = Favourite.swift; sourceTree = "<group>"; };
		61477052294A049C00E988CD /* FavouriteVM.swift */ = {isa = PBXFileReference; fileEncoding = 4; lastKnownFileType = sourcecode.swift; path = FavouriteVM.swift; sourceTree = "<group>"; };
		61477056294A049C00E988CD /* FirebaseUserProfile.swift */ = {isa = PBXFileReference; fileEncoding = 4; lastKnownFileType = sourcecode.swift; path = FirebaseUserProfile.swift; sourceTree = "<group>"; };
		61477058294A049C00E988CD /* GetUserProfile.swift */ = {isa = PBXFileReference; fileEncoding = 4; lastKnownFileType = sourcecode.swift; path = GetUserProfile.swift; sourceTree = "<group>"; };
		61477059294A049C00E988CD /* WriteUserProfile.swift */ = {isa = PBXFileReference; fileEncoding = 4; lastKnownFileType = sourcecode.swift; path = WriteUserProfile.swift; sourceTree = "<group>"; };
		6147705B294A049C00E988CD /* UserDI.swift */ = {isa = PBXFileReference; fileEncoding = 4; lastKnownFileType = sourcecode.swift; path = UserDI.swift; sourceTree = "<group>"; };
		6147705D294A049C00E988CD /* User.swift */ = {isa = PBXFileReference; fileEncoding = 4; lastKnownFileType = sourcecode.swift; path = User.swift; sourceTree = "<group>"; };
		6147705F294A049C00E988CD /* MyAnnouncesView.swift */ = {isa = PBXFileReference; fileEncoding = 4; lastKnownFileType = sourcecode.swift; path = MyAnnouncesView.swift; sourceTree = "<group>"; };
		61477060294A049C00E988CD /* MyAccountVM.swift */ = {isa = PBXFileReference; fileEncoding = 4; lastKnownFileType = sourcecode.swift; path = MyAccountVM.swift; sourceTree = "<group>"; };
		61477061294A049C00E988CD /* UserProfileView.swift */ = {isa = PBXFileReference; fileEncoding = 4; lastKnownFileType = sourcecode.swift; path = UserProfileView.swift; sourceTree = "<group>"; };
		61477062294A049C00E988CD /* UserProfileVM.swift */ = {isa = PBXFileReference; fileEncoding = 4; lastKnownFileType = sourcecode.swift; path = UserProfileVM.swift; sourceTree = "<group>"; };
		61477063294A049C00E988CD /* MyAnnounceVM.swift */ = {isa = PBXFileReference; fileEncoding = 4; lastKnownFileType = sourcecode.swift; path = MyAnnounceVM.swift; sourceTree = "<group>"; };
		61477064294A049C00E988CD /* MyAccountView.swift */ = {isa = PBXFileReference; fileEncoding = 4; lastKnownFileType = sourcecode.swift; path = MyAccountView.swift; sourceTree = "<group>"; };
		61477067294A049D00E988CD /* FirebaseMessage.swift */ = {isa = PBXFileReference; fileEncoding = 4; lastKnownFileType = sourcecode.swift; path = FirebaseMessage.swift; sourceTree = "<group>"; };
		61477069294A049D00E988CD /* MessageGet.swift */ = {isa = PBXFileReference; fileEncoding = 4; lastKnownFileType = sourcecode.swift; path = MessageGet.swift; sourceTree = "<group>"; };
		6147706A294A049D00E988CD /* MessageCreateUpdate.swift */ = {isa = PBXFileReference; fileEncoding = 4; lastKnownFileType = sourcecode.swift; path = MessageCreateUpdate.swift; sourceTree = "<group>"; };
		6147706C294A049D00E988CD /* MessageDI.swift */ = {isa = PBXFileReference; fileEncoding = 4; lastKnownFileType = sourcecode.swift; path = MessageDI.swift; sourceTree = "<group>"; };
		6147706E294A049D00E988CD /* Message.swift */ = {isa = PBXFileReference; fileEncoding = 4; lastKnownFileType = sourcecode.swift; path = Message.swift; sourceTree = "<group>"; };
		61477071294A049D00E988CD /* ChatVM.swift */ = {isa = PBXFileReference; fileEncoding = 4; lastKnownFileType = sourcecode.swift; path = ChatVM.swift; sourceTree = "<group>"; };
		61477072294A049D00E988CD /* ChatView.swift */ = {isa = PBXFileReference; fileEncoding = 4; lastKnownFileType = sourcecode.swift; path = ChatView.swift; sourceTree = "<group>"; };
		61477075294A049D00E988CD /* MessageAnnounceRowView.swift */ = {isa = PBXFileReference; fileEncoding = 4; lastKnownFileType = sourcecode.swift; path = MessageAnnounceRowView.swift; sourceTree = "<group>"; };
		61477076294A049D00E988CD /* MessagesView.swift */ = {isa = PBXFileReference; fileEncoding = 4; lastKnownFileType = sourcecode.swift; path = MessagesView.swift; sourceTree = "<group>"; };
		61477077294A049D00E988CD /* MessagesVM.swift */ = {isa = PBXFileReference; fileEncoding = 4; lastKnownFileType = sourcecode.swift; path = MessagesVM.swift; sourceTree = "<group>"; };
		6147707A294A049D00E988CD /* FirebaseGeneralQuery.swift */ = {isa = PBXFileReference; fileEncoding = 4; lastKnownFileType = sourcecode.swift; path = FirebaseGeneralQuery.swift; sourceTree = "<group>"; };
		6147707B294A049D00E988CD /* FirebaseStorageGeneralQuery.swift */ = {isa = PBXFileReference; fileEncoding = 4; lastKnownFileType = sourcecode.swift; path = FirebaseStorageGeneralQuery.swift; sourceTree = "<group>"; };
		6147707D294A049D00E988CD /* DIAssembler.swift */ = {isa = PBXFileReference; fileEncoding = 4; lastKnownFileType = sourcecode.swift; path = DIAssembler.swift; sourceTree = "<group>"; };
		6147707F294A049D00E988CD /* FavouriteHeartView.swift */ = {isa = PBXFileReference; fileEncoding = 4; lastKnownFileType = sourcecode.swift; path = FavouriteHeartView.swift; sourceTree = "<group>"; };
		61477081294A049D00E988CD /* PhotoView.swift */ = {isa = PBXFileReference; fileEncoding = 4; lastKnownFileType = sourcecode.swift; path = PhotoView.swift; sourceTree = "<group>"; };
		61477082294A049D00E988CD /* ImagePicker.swift */ = {isa = PBXFileReference; fileEncoding = 4; lastKnownFileType = sourcecode.swift; path = ImagePicker.swift; sourceTree = "<group>"; };
		61477083294A049D00E988CD /* Camera.swift */ = {isa = PBXFileReference; fileEncoding = 4; lastKnownFileType = sourcecode.swift; path = Camera.swift; sourceTree = "<group>"; };
		61477086294A049D00E988CD /* FirebaseCategories.swift */ = {isa = PBXFileReference; fileEncoding = 4; lastKnownFileType = sourcecode.swift; path = FirebaseCategories.swift; sourceTree = "<group>"; };
		61477088294A049D00E988CD /* CategoriesDI.swift */ = {isa = PBXFileReference; fileEncoding = 4; lastKnownFileType = sourcecode.swift; path = CategoriesDI.swift; sourceTree = "<group>"; };
		6147708A294A049D00E988CD /* Category.swift */ = {isa = PBXFileReference; fileEncoding = 4; lastKnownFileType = sourcecode.swift; path = Category.swift; sourceTree = "<group>"; };
		6147708C294A049D00E988CD /* listOfCategoriesView.swift */ = {isa = PBXFileReference; fileEncoding = 4; lastKnownFileType = sourcecode.swift; path = listOfCategoriesView.swift; sourceTree = "<group>"; };
		6147708D294A049D00E988CD /* CategoriesViewVM.swift */ = {isa = PBXFileReference; fileEncoding = 4; lastKnownFileType = sourcecode.swift; path = CategoriesViewVM.swift; sourceTree = "<group>"; };
		614770DE294A0B7000E988CD /* GoogleService-Info.plist */ = {isa = PBXFileReference; fileEncoding = 4; lastKnownFileType = text.plist.xml; path = "GoogleService-Info.plist"; sourceTree = "<group>"; };
		614770EC294A33B500E988CD /* LogginStateUikit.swift */ = {isa = PBXFileReference; lastKnownFileType = sourcecode.swift; path = LogginStateUikit.swift; sourceTree = "<group>"; };
		614770EE294B0F4400E988CD /* LoginCoordinator.swift */ = {isa = PBXFileReference; lastKnownFileType = sourcecode.swift; path = LoginCoordinator.swift; sourceTree = "<group>"; };
		614770FF294B559E00E988CD /* UserCoordinator.swift */ = {isa = PBXFileReference; lastKnownFileType = sourcecode.swift; path = UserCoordinator.swift; sourceTree = "<group>"; };
		61477101294B744300E988CD /* MessageCoordinator.swift */ = {isa = PBXFileReference; lastKnownFileType = sourcecode.swift; name = MessageCoordinator.swift; path = CoordinatorProject/Messages/Presentation/Coordinator/MessageCoordinator.swift; sourceTree = SOURCE_ROOT; };
		61477103294CADAB00E988CD /* CreateAnnounceCoordinator.swift */ = {isa = PBXFileReference; lastKnownFileType = sourcecode.swift; path = CreateAnnounceCoordinator.swift; sourceTree = "<group>"; };
		61477107294CBAED00E988CD /* SelectionCondition2.swift */ = {isa = PBXFileReference; lastKnownFileType = sourcecode.swift; path = SelectionCondition2.swift; sourceTree = "<group>"; };
		61477109294CC2FC00E988CD /* CommonPartCreateAnnounceUikit.swift */ = {isa = PBXFileReference; lastKnownFileType = sourcecode.swift; path = CommonPartCreateAnnounceUikit.swift; sourceTree = "<group>"; };
		6147710B294DD19000E988CD /* CategorySelection2.swift */ = {isa = PBXFileReference; lastKnownFileType = sourcecode.swift; path = CategorySelection2.swift; sourceTree = "<group>"; };
		6147710D294DD8CD00E988CD /* SelectionTitle2.swift */ = {isa = PBXFileReference; lastKnownFileType = sourcecode.swift; path = SelectionTitle2.swift; sourceTree = "<group>"; };
		6147710F294DE03B00E988CD /* SelectionAddress2.swift */ = {isa = PBXFileReference; lastKnownFileType = sourcecode.swift; path = SelectionAddress2.swift; sourceTree = "<group>"; };
		61477111294DE58900E988CD /* PhotoUploadSheet2.swift */ = {isa = PBXFileReference; lastKnownFileType = sourcecode.swift; path = PhotoUploadSheet2.swift; sourceTree = "<group>"; };
		61477113294DF19F00E988CD /* RecapCreateAnnounce2.swift */ = {isa = PBXFileReference; lastKnownFileType = sourcecode.swift; path = RecapCreateAnnounce2.swift; sourceTree = "<group>"; };
		61477115294EEBC500E988CD /* GetAnnounceCoordinator.swift */ = {isa = PBXFileReference; lastKnownFileType = sourcecode.swift; path = GetAnnounceCoordinator.swift; sourceTree = "<group>"; };
		61477117294EF08B00E988CD /* SearchFilterView2.swift */ = {isa = PBXFileReference; lastKnownFileType = sourcecode.swift; path = SearchFilterView2.swift; sourceTree = "<group>"; };
		61477119294F013300E988CD /* HomePageView2.swift */ = {isa = PBXFileReference; lastKnownFileType = sourcecode.swift; path = HomePageView2.swift; sourceTree = "<group>"; };
		6147711B2952FA2300E988CD /* FavouriteCoordinator.swift */ = {isa = PBXFileReference; lastKnownFileType = sourcecode.swift; path = FavouriteCoordinator.swift; sourceTree = "<group>"; };
		61B546DC295AE6C50083C71F /* FavouriteViewUikit.swift */ = {isa = PBXFileReference; lastKnownFileType = sourcecode.swift; path = FavouriteViewUikit.swift; sourceTree = "<group>"; };
		61B546DD295AE6C50083C71F /* FavouriteViewUikit.xib */ = {isa = PBXFileReference; lastKnownFileType = file.xib; path = FavouriteViewUikit.xib; sourceTree = "<group>"; };
		61B546E0295AEFB90083C71F /* FavouriteViewUikitCell.swift */ = {isa = PBXFileReference; lastKnownFileType = sourcecode.swift; path = FavouriteViewUikitCell.swift; sourceTree = "<group>"; };
		61B546E1295AEFB90083C71F /* FavouriteViewUikitCell.xib */ = {isa = PBXFileReference; lastKnownFileType = file.xib; path = FavouriteViewUikitCell.xib; sourceTree = "<group>"; };
		61B546EB29641AE70083C71F /* AnnounceDetailedViewUikit.swift */ = {isa = PBXFileReference; lastKnownFileType = sourcecode.swift; path = AnnounceDetailedViewUikit.swift; sourceTree = "<group>"; };
		61B546EC29641AE70083C71F /* AnnounceDetailedViewUikit.xib */ = {isa = PBXFileReference; lastKnownFileType = file.xib; path = AnnounceDetailedViewUikit.xib; sourceTree = "<group>"; };
		61B546EF29657F6B0083C71F /* AnnounceCell.swift */ = {isa = PBXFileReference; lastKnownFileType = sourcecode.swift; path = AnnounceCell.swift; sourceTree = "<group>"; };
		61B546F029657F6B0083C71F /* AnnounceCell.xib */ = {isa = PBXFileReference; lastKnownFileType = file.xib; path = AnnounceCell.xib; sourceTree = "<group>"; };
		61B546F3296588730083C71F /* AnnouncesListViewUikit.swift */ = {isa = PBXFileReference; lastKnownFileType = sourcecode.swift; path = AnnouncesListViewUikit.swift; sourceTree = "<group>"; };
		61B546F4296588730083C71F /* AnnouncesListViewUikit.xib */ = {isa = PBXFileReference; lastKnownFileType = file.xib; path = AnnouncesListViewUikit.xib; sourceTree = "<group>"; };
/* End PBXFileReference section */

/* Begin PBXFrameworksBuildPhase section */
		17ECF62A280C438F00D3E87F /* Frameworks */ = {
			isa = PBXFrameworksBuildPhase;
			buildActionMask = 2147483647;
			files = (
				6163393D294A01CE006A10A5 /* NukeUI in Frameworks */,
				6163394E294A0321006A10A5 /* Swinject in Frameworks */,
				61633945294A0280006A10A5 /* FirebaseAuth in Frameworks */,
				6163394B294A0280006A10A5 /* FirebaseStorage in Frameworks */,
				614770E9294A0E6E00E988CD /* GoogleSignInSwift in Frameworks */,
				61633947294A0280006A10A5 /* FirebaseFirestore in Frameworks */,
				61B546EA295B3D2C0083C71F /* SDWebImage in Frameworks */,
				61633949294A0280006A10A5 /* FirebaseFirestoreSwift in Frameworks */,
				614770E7294A0E6E00E988CD /* GoogleSignIn in Frameworks */,
			);
			runOnlyForDeploymentPostprocessing = 0;
		};
/* End PBXFrameworksBuildPhase section */

/* Begin PBXGroup section */
		17ECF624280C438F00D3E87F = {
			isa = PBXGroup;
			children = (
				17ECF62F280C438F00D3E87F /* CoordinatorProject */,
				17ECF62E280C438F00D3E87F /* Products */,
			);
			sourceTree = "<group>";
		};
		17ECF62E280C438F00D3E87F /* Products */ = {
			isa = PBXGroup;
			children = (
				17ECF62D280C438F00D3E87F /* CoordinatorProject.app */,
			);
			name = Products;
			sourceTree = "<group>";
		};
		17ECF62F280C438F00D3E87F /* CoordinatorProject */ = {
			isa = PBXGroup;
			children = (
				61B546D429544B740083C71F /* App_Scene_Delegate */,
				17ECF654280C4A6200D3E87F /* MainCoordinator.swift */,
				61477007294A049C00E988CD /* Announces */,
				61477048294A049C00E988CD /* Favourite */,
				61477084294A049D00E988CD /* Categories */,
				61477032294A049C00E988CD /* Login */,
				61477065294A049D00E988CD /* Messages */,
				61477054294A049C00E988CD /* User */,
				61477078294A049D00E988CD /* Utilities */,
				17ECF639280C438F00D3E87F /* Assets.xcassets */,
				17ECF63B280C438F00D3E87F /* LaunchScreen.storyboard */,
				17ECF63E280C438F00D3E87F /* Info.plist */,
				614770DE294A0B7000E988CD /* GoogleService-Info.plist */,
			);
			path = CoordinatorProject;
			sourceTree = "<group>";
		};
		61477007294A049C00E988CD /* Announces */ = {
			isa = PBXGroup;
			children = (
				61477008294A049C00E988CD /* GetAnnounce */,
				6147701B294A049C00E988CD /* createAnnouce */,
				61477030294A049C00E988CD /* Model */,
			);
			path = Announces;
			sourceTree = "<group>";
		};
		61477008294A049C00E988CD /* GetAnnounce */ = {
			isa = PBXGroup;
			children = (
				61477009294A049C00E988CD /* DataSource */,
				6147700B294A049C00E988CD /* LogicGetAnnounce */,
				6147700D294A049C00E988CD /* Utilities */,
				6147700F294A049C00E988CD /* Presentation */,
			);
			path = GetAnnounce;
			sourceTree = "<group>";
		};
		61477009294A049C00E988CD /* DataSource */ = {
			isa = PBXGroup;
			children = (
				6147700A294A049C00E988CD /* FirebaseAnnounce.swift */,
			);
			path = DataSource;
			sourceTree = "<group>";
		};
		6147700B294A049C00E988CD /* LogicGetAnnounce */ = {
			isa = PBXGroup;
			children = (
				6147700C294A049C00E988CD /* AnnounceRepo.swift */,
			);
			path = LogicGetAnnounce;
			sourceTree = "<group>";
		};
		6147700D294A049C00E988CD /* Utilities */ = {
			isa = PBXGroup;
			children = (
				6147700E294A049C00E988CD /* getAnnounceDI.swift */,
			);
			path = Utilities;
			sourceTree = "<group>";
		};
		6147700F294A049C00E988CD /* Presentation */ = {
			isa = PBXGroup;
			children = (
				61B546D729544CC30083C71F /* Coordinator */,
				61477010294A049C00E988CD /* Announces */,
				61477017294A049C00E988CD /* Filters */,
			);
			path = Presentation;
			sourceTree = "<group>";
		};
		61477010294A049C00E988CD /* Announces */ = {
			isa = PBXGroup;
			children = (
				61477119294F013300E988CD /* HomePageView2.swift */,
				61477012294A049C00E988CD /* AnnounceView.swift */,
				61477015294A049C00E988CD /* AnnouncesListVM.swift */,
				61B546EB29641AE70083C71F /* AnnounceDetailedViewUikit.swift */,
				61B546EC29641AE70083C71F /* AnnounceDetailedViewUikit.xib */,
				61477011294A049C00E988CD /* AnnounceDetailedViewVM.swift */,
				61477013294A049C00E988CD /* Components */,
				61B546EF29657F6B0083C71F /* AnnounceCell.swift */,
				61B546F029657F6B0083C71F /* AnnounceCell.xib */,
				61B546F3296588730083C71F /* AnnouncesListViewUikit.swift */,
				61B546F4296588730083C71F /* AnnouncesListViewUikit.xib */,
			);
			path = Announces;
			sourceTree = "<group>";
		};
		61477013294A049C00E988CD /* Components */ = {
			isa = PBXGroup;
			children = (
				61477014294A049C00E988CD /* SingleAnnounceView.swift */,
			);
			path = Components;
			sourceTree = "<group>";
		};
		61477017294A049C00E988CD /* Filters */ = {
			isa = PBXGroup;
			children = (
				61477018294A049C00E988CD /* SearchFilterView.swift */,
				61477019294A049C00E988CD /* SearchFilterVM.swift */,
				61477117294EF08B00E988CD /* SearchFilterView2.swift */,
			);
			path = Filters;
			sourceTree = "<group>";
		};
		6147701B294A049C00E988CD /* createAnnouce */ = {
			isa = PBXGroup;
			children = (
				6147701C294A049C00E988CD /* DataSource */,
				6147701E294A049C00E988CD /* Utilities */,
				61477020294A049C00E988CD /* LogicCreateAnnounce */,
				61477022294A049C00E988CD /* Presentation */,
			);
			path = createAnnouce;
			sourceTree = "<group>";
		};
		6147701C294A049C00E988CD /* DataSource */ = {
			isa = PBXGroup;
			children = (
				6147701D294A049C00E988CD /* CreateAnnounceFirebase.swift */,
			);
			path = DataSource;
			sourceTree = "<group>";
		};
		6147701E294A049C00E988CD /* Utilities */ = {
			isa = PBXGroup;
			children = (
				6147701F294A049C00E988CD /* CreateAnnounceDI.swift */,
			);
			path = Utilities;
			sourceTree = "<group>";
		};
		61477020294A049C00E988CD /* LogicCreateAnnounce */ = {
			isa = PBXGroup;
			children = (
				61477021294A049C00E988CD /* CreateAnnounce.swift */,
			);
			path = LogicCreateAnnounce;
			sourceTree = "<group>";
		};
		61477022294A049C00E988CD /* Presentation */ = {
			isa = PBXGroup;
			children = (
				61B546D629544C980083C71F /* Coordinator */,
				6147702F294A049C00E988CD /* StartPageCreateAnnounce.swift */,
				61477023294A049C00E988CD /* CreateAnnounceVM.swift */,
				61477024294A049C00E988CD /* Components */,
			);
			path = Presentation;
			sourceTree = "<group>";
		};
		61477024294A049C00E988CD /* Components */ = {
			isa = PBXGroup;
			children = (
				6147710B294DD19000E988CD /* CategorySelection2.swift */,
				6147710F294DE03B00E988CD /* SelectionAddress2.swift */,
				61477107294CBAED00E988CD /* SelectionCondition2.swift */,
				61477027294A049C00E988CD /* PhotoUploadView.swift */,
				6147710D294DD8CD00E988CD /* SelectionTitle2.swift */,
				61477111294DE58900E988CD /* PhotoUploadSheet2.swift */,
				61477109294CC2FC00E988CD /* CommonPartCreateAnnounceUikit.swift */,
				61477113294DF19F00E988CD /* RecapCreateAnnounce2.swift */,
			);
			path = Components;
			sourceTree = "<group>";
		};
		61477030294A049C00E988CD /* Model */ = {
			isa = PBXGroup;
			children = (
				61477031294A049C00E988CD /* Announce.swift */,
			);
			path = Model;
			sourceTree = "<group>";
		};
		61477032294A049C00E988CD /* Login */ = {
			isa = PBXGroup;
			children = (
				61477033294A049C00E988CD /* Logic */,
				61477035294A049C00E988CD /* Utilities */,
				61477037294A049C00E988CD /* LogInStateWrapper */,
				61477039294A049C00E988CD /* Sources */,
				6147703D294A049C00E988CD /* Presentation */,
			);
			path = Login;
			sourceTree = "<group>";
		};
		61477033294A049C00E988CD /* Logic */ = {
			isa = PBXGroup;
			children = (
				61477034294A049C00E988CD /* AppLogger.swift */,
			);
			path = Logic;
			sourceTree = "<group>";
		};
		61477035294A049C00E988CD /* Utilities */ = {
			isa = PBXGroup;
			children = (
				61477036294A049C00E988CD /* DI_Logger.swift */,
			);
			path = Utilities;
			sourceTree = "<group>";
		};
		61477037294A049C00E988CD /* LogInStateWrapper */ = {
			isa = PBXGroup;
			children = (
				61477038294A049C00E988CD /* LoggingState.swift */,
				614770EC294A33B500E988CD /* LogginStateUikit.swift */,
			);
			path = LogInStateWrapper;
			sourceTree = "<group>";
		};
		61477039294A049C00E988CD /* Sources */ = {
			isa = PBXGroup;
			children = (
				6147703A294A049C00E988CD /* GoogleSignIn.swift */,
				6147703B294A049C00E988CD /* fbSignIn.swift */,
				6147703C294A049C00E988CD /* FirebaseSignIn.swift */,
			);
			path = Sources;
			sourceTree = "<group>";
		};
		6147703D294A049C00E988CD /* Presentation */ = {
			isa = PBXGroup;
			children = (
				61B546D529544C610083C71F /* Coordinator */,
				61477040294A049C00E988CD /* LoginView.swift */,
				61477046294A049C00E988CD /* LoginVM.swift */,
				61477047294A049C00E988CD /* RegisterEmailView.swift */,
				6147703E294A049C00E988CD /* RegisterEmailVM.swift */,
				61477041294A049C00E988CD /* SignInWithCorrectProviderView.swift */,
				61477045294A049C00E988CD /* SignInWithCorrectProviderVM.swift */,
				6147703F294A049C00E988CD /* LoginRestrictedView.swift */,
				61477042294A049C00E988CD /* Components */,
			);
			path = Presentation;
			sourceTree = "<group>";
		};
		61477042294A049C00E988CD /* Components */ = {
			isa = PBXGroup;
			children = (
				61477043294A049C00E988CD /* EmailSignInView.swift */,
				61477044294A049C00E988CD /* FederatedSignInView.swift */,
			);
			path = Components;
			sourceTree = "<group>";
		};
		61477048294A049C00E988CD /* Favourite */ = {
			isa = PBXGroup;
			children = (
				61477049294A049C00E988CD /* DataSource */,
				6147704B294A049C00E988CD /* Logic */,
				6147704D294A049C00E988CD /* Utilities */,
				6147704F294A049C00E988CD /* Model */,
				61477051294A049C00E988CD /* Presentation */,
			);
			path = Favourite;
			sourceTree = "<group>";
		};
		61477049294A049C00E988CD /* DataSource */ = {
			isa = PBXGroup;
			children = (
				6147704A294A049C00E988CD /* FireBaseFavourite.swift */,
			);
			path = DataSource;
			sourceTree = "<group>";
		};
		6147704B294A049C00E988CD /* Logic */ = {
			isa = PBXGroup;
			children = (
				6147704C294A049C00E988CD /* FavouriteDomaine.swift */,
			);
			path = Logic;
			sourceTree = "<group>";
		};
		6147704D294A049C00E988CD /* Utilities */ = {
			isa = PBXGroup;
			children = (
				6147704E294A049C00E988CD /* FavouriteDI.swift */,
			);
			path = Utilities;
			sourceTree = "<group>";
		};
		6147704F294A049C00E988CD /* Model */ = {
			isa = PBXGroup;
			children = (
				61477050294A049C00E988CD /* Favourite.swift */,
			);
			path = Model;
			sourceTree = "<group>";
		};
		61477051294A049C00E988CD /* Presentation */ = {
			isa = PBXGroup;
			children = (
				61B546DA29544D320083C71F /* Coordinator */,
				61477052294A049C00E988CD /* FavouriteVM.swift */,
				61B546DC295AE6C50083C71F /* FavouriteViewUikit.swift */,
				61B546DD295AE6C50083C71F /* FavouriteViewUikit.xib */,
				61B546E0295AEFB90083C71F /* FavouriteViewUikitCell.swift */,
				61B546E1295AEFB90083C71F /* FavouriteViewUikitCell.xib */,
			);
			path = Presentation;
			sourceTree = "<group>";
		};
		61477054294A049C00E988CD /* User */ = {
			isa = PBXGroup;
			children = (
				61477055294A049C00E988CD /* DataSource */,
				61477057294A049C00E988CD /* Logic */,
				6147705A294A049C00E988CD /* Utilities */,
				6147705C294A049C00E988CD /* Model */,
				6147705E294A049C00E988CD /* Presentation */,
			);
			path = User;
			sourceTree = "<group>";
		};
		61477055294A049C00E988CD /* DataSource */ = {
			isa = PBXGroup;
			children = (
				61477056294A049C00E988CD /* FirebaseUserProfile.swift */,
			);
			path = DataSource;
			sourceTree = "<group>";
		};
		61477057294A049C00E988CD /* Logic */ = {
			isa = PBXGroup;
			children = (
				61477058294A049C00E988CD /* GetUserProfile.swift */,
				61477059294A049C00E988CD /* WriteUserProfile.swift */,
			);
			path = Logic;
			sourceTree = "<group>";
		};
		6147705A294A049C00E988CD /* Utilities */ = {
			isa = PBXGroup;
			children = (
				6147705B294A049C00E988CD /* UserDI.swift */,
			);
			path = Utilities;
			sourceTree = "<group>";
		};
		6147705C294A049C00E988CD /* Model */ = {
			isa = PBXGroup;
			children = (
				6147705D294A049C00E988CD /* User.swift */,
			);
			path = Model;
			sourceTree = "<group>";
		};
		6147705E294A049C00E988CD /* Presentation */ = {
			isa = PBXGroup;
			children = (
				61B546D829544CEF0083C71F /* Coordinator */,
				61477064294A049C00E988CD /* MyAccountView.swift */,
				61477060294A049C00E988CD /* MyAccountVM.swift */,
				6147705F294A049C00E988CD /* MyAnnouncesView.swift */,
				61477063294A049C00E988CD /* MyAnnounceVM.swift */,
				61477061294A049C00E988CD /* UserProfileView.swift */,
				61477062294A049C00E988CD /* UserProfileVM.swift */,
			);
			path = Presentation;
			sourceTree = "<group>";
		};
		61477065294A049D00E988CD /* Messages */ = {
			isa = PBXGroup;
			children = (
				61477066294A049D00E988CD /* DataSource */,
				61477068294A049D00E988CD /* Logic */,
				6147706B294A049D00E988CD /* Utilities */,
				6147706D294A049D00E988CD /* Model */,
				6147706F294A049D00E988CD /* Presentation */,
			);
			path = Messages;
			sourceTree = "<group>";
		};
		61477066294A049D00E988CD /* DataSource */ = {
			isa = PBXGroup;
			children = (
				61477067294A049D00E988CD /* FirebaseMessage.swift */,
			);
			path = DataSource;
			sourceTree = "<group>";
		};
		61477068294A049D00E988CD /* Logic */ = {
			isa = PBXGroup;
			children = (
				61477069294A049D00E988CD /* MessageGet.swift */,
				6147706A294A049D00E988CD /* MessageCreateUpdate.swift */,
			);
			path = Logic;
			sourceTree = "<group>";
		};
		6147706B294A049D00E988CD /* Utilities */ = {
			isa = PBXGroup;
			children = (
				6147706C294A049D00E988CD /* MessageDI.swift */,
			);
			path = Utilities;
			sourceTree = "<group>";
		};
		6147706D294A049D00E988CD /* Model */ = {
			isa = PBXGroup;
			children = (
				6147706E294A049D00E988CD /* Message.swift */,
			);
			path = Model;
			sourceTree = "<group>";
		};
		6147706F294A049D00E988CD /* Presentation */ = {
			isa = PBXGroup;
			children = (
				61B546D929544D1A0083C71F /* Coordinator */,
				61477070294A049D00E988CD /* SingleChat */,
				61477073294A049D00E988CD /* ListOfChats */,
			);
			path = Presentation;
			sourceTree = "<group>";
		};
		61477070294A049D00E988CD /* SingleChat */ = {
			isa = PBXGroup;
			children = (
				61477071294A049D00E988CD /* ChatVM.swift */,
				61477072294A049D00E988CD /* ChatView.swift */,
			);
			path = SingleChat;
			sourceTree = "<group>";
		};
		61477073294A049D00E988CD /* ListOfChats */ = {
			isa = PBXGroup;
			children = (
				61477074294A049D00E988CD /* Components */,
				61477076294A049D00E988CD /* MessagesView.swift */,
				61477077294A049D00E988CD /* MessagesVM.swift */,
			);
			path = ListOfChats;
			sourceTree = "<group>";
		};
		61477074294A049D00E988CD /* Components */ = {
			isa = PBXGroup;
			children = (
				61477075294A049D00E988CD /* MessageAnnounceRowView.swift */,
			);
			path = Components;
			sourceTree = "<group>";
		};
		61477078294A049D00E988CD /* Utilities */ = {
			isa = PBXGroup;
			children = (
				61B546DB29544D690083C71F /* Coordinator */,
				61477079294A049D00E988CD /* DataSource */,
				6147707C294A049D00E988CD /* DI */,
				6147707E294A049D00E988CD /* SharedView */,
			);
			path = Utilities;
			sourceTree = "<group>";
		};
		61477079294A049D00E988CD /* DataSource */ = {
			isa = PBXGroup;
			children = (
				6147707A294A049D00E988CD /* FirebaseGeneralQuery.swift */,
				6147707B294A049D00E988CD /* FirebaseStorageGeneralQuery.swift */,
			);
			path = DataSource;
			sourceTree = "<group>";
		};
		6147707C294A049D00E988CD /* DI */ = {
			isa = PBXGroup;
			children = (
				6147707D294A049D00E988CD /* DIAssembler.swift */,
			);
			path = DI;
			sourceTree = "<group>";
		};
		6147707E294A049D00E988CD /* SharedView */ = {
			isa = PBXGroup;
			children = (
				6147707F294A049D00E988CD /* FavouriteHeartView.swift */,
				61477080294A049D00E988CD /* Photo */,
			);
			path = SharedView;
			sourceTree = "<group>";
		};
		61477080294A049D00E988CD /* Photo */ = {
			isa = PBXGroup;
			children = (
				61477081294A049D00E988CD /* PhotoView.swift */,
				61477082294A049D00E988CD /* ImagePicker.swift */,
				61477083294A049D00E988CD /* Camera.swift */,
			);
			path = Photo;
			sourceTree = "<group>";
		};
		61477084294A049D00E988CD /* Categories */ = {
			isa = PBXGroup;
			children = (
				61477085294A049D00E988CD /* DataSource */,
				61477087294A049D00E988CD /* Utilities */,
				61477089294A049D00E988CD /* Model */,
				6147708B294A049D00E988CD /* Presentation */,
			);
			path = Categories;
			sourceTree = "<group>";
		};
		61477085294A049D00E988CD /* DataSource */ = {
			isa = PBXGroup;
			children = (
				61477086294A049D00E988CD /* FirebaseCategories.swift */,
			);
			path = DataSource;
			sourceTree = "<group>";
		};
		61477087294A049D00E988CD /* Utilities */ = {
			isa = PBXGroup;
			children = (
				61477088294A049D00E988CD /* CategoriesDI.swift */,
			);
			path = Utilities;
			sourceTree = "<group>";
		};
		61477089294A049D00E988CD /* Model */ = {
			isa = PBXGroup;
			children = (
				6147708A294A049D00E988CD /* Category.swift */,
			);
			path = Model;
			sourceTree = "<group>";
		};
		6147708B294A049D00E988CD /* Presentation */ = {
			isa = PBXGroup;
			children = (
				6147708C294A049D00E988CD /* listOfCategoriesView.swift */,
				6147708D294A049D00E988CD /* CategoriesViewVM.swift */,
			);
			path = Presentation;
			sourceTree = "<group>";
		};
		61B546D429544B740083C71F /* App_Scene_Delegate */ = {
			isa = PBXGroup;
			children = (
				17ECF630280C438F00D3E87F /* AppDelegate.swift */,
				17ECF632280C438F00D3E87F /* SceneDelegate.swift */,
			);
			path = App_Scene_Delegate;
			sourceTree = "<group>";
		};
		61B546D529544C610083C71F /* Coordinator */ = {
			isa = PBXGroup;
			children = (
				614770EE294B0F4400E988CD /* LoginCoordinator.swift */,
			);
			path = Coordinator;
			sourceTree = "<group>";
		};
		61B546D629544C980083C71F /* Coordinator */ = {
			isa = PBXGroup;
			children = (
				61477103294CADAB00E988CD /* CreateAnnounceCoordinator.swift */,
			);
			path = Coordinator;
			sourceTree = "<group>";
		};
		61B546D729544CC30083C71F /* Coordinator */ = {
			isa = PBXGroup;
			children = (
				61477115294EEBC500E988CD /* GetAnnounceCoordinator.swift */,
			);
			path = Coordinator;
			sourceTree = "<group>";
		};
		61B546D829544CEF0083C71F /* Coordinator */ = {
			isa = PBXGroup;
			children = (
				614770FF294B559E00E988CD /* UserCoordinator.swift */,
			);
			path = Coordinator;
			sourceTree = "<group>";
		};
		61B546D929544D1A0083C71F /* Coordinator */ = {
			isa = PBXGroup;
			children = (
				61477101294B744300E988CD /* MessageCoordinator.swift */,
			);
			path = Coordinator;
			sourceTree = "<group>";
		};
		61B546DA29544D320083C71F /* Coordinator */ = {
			isa = PBXGroup;
			children = (
				6147711B2952FA2300E988CD /* FavouriteCoordinator.swift */,
			);
			path = Coordinator;
			sourceTree = "<group>";
		};
		61B546DB29544D690083C71F /* Coordinator */ = {
			isa = PBXGroup;
			children = (
				17ECF647280C450600D3E87F /* Coordinator.swift */,
			);
			path = Coordinator;
			sourceTree = "<group>";
		};
/* End PBXGroup section */

/* Begin PBXNativeTarget section */
		17ECF62C280C438F00D3E87F /* CoordinatorProject */ = {
			isa = PBXNativeTarget;
			buildConfigurationList = 17ECF641280C438F00D3E87F /* Build configuration list for PBXNativeTarget "CoordinatorProject" */;
			buildPhases = (
				17ECF629280C438F00D3E87F /* Sources */,
				17ECF62A280C438F00D3E87F /* Frameworks */,
				17ECF62B280C438F00D3E87F /* Resources */,
			);
			buildRules = (
			);
			dependencies = (
			);
			name = CoordinatorProject;
			packageProductDependencies = (
				6163393C294A01CE006A10A5 /* NukeUI */,
				61633944294A0280006A10A5 /* FirebaseAuth */,
				61633946294A0280006A10A5 /* FirebaseFirestore */,
				61633948294A0280006A10A5 /* FirebaseFirestoreSwift */,
				6163394A294A0280006A10A5 /* FirebaseStorage */,
				6163394D294A0321006A10A5 /* Swinject */,
				614770E6294A0E6E00E988CD /* GoogleSignIn */,
				614770E8294A0E6E00E988CD /* GoogleSignInSwift */,
				61B546E9295B3D2C0083C71F /* SDWebImage */,
			);
			productName = CoordinatorProject;
			productReference = 17ECF62D280C438F00D3E87F /* CoordinatorProject.app */;
			productType = "com.apple.product-type.application";
		};
/* End PBXNativeTarget section */

/* Begin PBXProject section */
		17ECF625280C438F00D3E87F /* Project object */ = {
			isa = PBXProject;
			attributes = {
				BuildIndependentTargetsInParallel = 1;
				LastSwiftUpdateCheck = 1330;
				LastUpgradeCheck = 1330;
				TargetAttributes = {
					17ECF62C280C438F00D3E87F = {
						CreatedOnToolsVersion = 13.3;
					};
				};
			};
			buildConfigurationList = 17ECF628280C438F00D3E87F /* Build configuration list for PBXProject "CoordinatorProject" */;
			compatibilityVersion = "Xcode 13.0";
			developmentRegion = en;
			hasScannedForEncodings = 0;
			knownRegions = (
				en,
				Base,
			);
			mainGroup = 17ECF624280C438F00D3E87F;
			packageReferences = (
				6163393B294A01CE006A10A5 /* XCRemoteSwiftPackageReference "NukeUI" */,
				61633943294A0280006A10A5 /* XCRemoteSwiftPackageReference "firebase-ios-sdk" */,
				6163394C294A0321006A10A5 /* XCRemoteSwiftPackageReference "Swinject" */,
				614770E5294A0E6E00E988CD /* XCRemoteSwiftPackageReference "GoogleSignIn-iOS" */,
				61B546E8295B3D2C0083C71F /* XCRemoteSwiftPackageReference "SDWebImage" */,
			);
			productRefGroup = 17ECF62E280C438F00D3E87F /* Products */;
			projectDirPath = "";
			projectRoot = "";
			targets = (
				17ECF62C280C438F00D3E87F /* CoordinatorProject */,
			);
		};
/* End PBXProject section */

/* Begin PBXResourcesBuildPhase section */
		17ECF62B280C438F00D3E87F /* Resources */ = {
			isa = PBXResourcesBuildPhase;
			buildActionMask = 2147483647;
			files = (
				61B546EE29641AE70083C71F /* AnnounceDetailedViewUikit.xib in Resources */,
				61B546E3295AEFB90083C71F /* FavouriteViewUikitCell.xib in Resources */,
				61B546F6296588730083C71F /* AnnouncesListViewUikit.xib in Resources */,
				17ECF63D280C438F00D3E87F /* LaunchScreen.storyboard in Resources */,
				61B546DF295AE6C50083C71F /* FavouriteViewUikit.xib in Resources */,
				61B546F229657F6B0083C71F /* AnnounceCell.xib in Resources */,
				17ECF63A280C438F00D3E87F /* Assets.xcassets in Resources */,
				614770DF294A0B7000E988CD /* GoogleService-Info.plist in Resources */,
			);
			runOnlyForDeploymentPostprocessing = 0;
		};
/* End PBXResourcesBuildPhase section */

/* Begin PBXSourcesBuildPhase section */
		17ECF629280C438F00D3E87F /* Sources */ = {
			isa = PBXSourcesBuildPhase;
			buildActionMask = 2147483647;
			files = (
				61B546E2295AEFB90083C71F /* FavouriteViewUikitCell.swift in Sources */,
				614770C5294A049D00E988CD /* UserProfileVM.swift in Sources */,
				614770D1294A049D00E988CD /* MessagesVM.swift in Sources */,
				6147708E294A049D00E988CD /* FirebaseAnnounce.swift in Sources */,
				614770B4294A049D00E988CD /* SignInWithCorrectProviderVM.swift in Sources */,
				614770AE294A049D00E988CD /* RegisterEmailVM.swift in Sources */,
				6147709A294A049D00E988CD /* CreateAnnounceDI.swift in Sources */,
				614770BD294A049D00E988CD /* FirebaseUserProfile.swift in Sources */,
				614770DC294A049D00E988CD /* listOfCategoriesView.swift in Sources */,
				61477104294CADAB00E988CD /* CreateAnnounceCoordinator.swift in Sources */,
				614770B2294A049D00E988CD /* EmailSignInView.swift in Sources */,
				61477114294DF19F00E988CD /* RecapCreateAnnounce2.swift in Sources */,
				614770CC294A049D00E988CD /* Message.swift in Sources */,
				614770B3294A049D00E988CD /* FederatedSignInView.swift in Sources */,
				61477092294A049D00E988CD /* AnnounceView.swift in Sources */,
				61477097294A049D00E988CD /* SearchFilterVM.swift in Sources */,
				61477118294EF08B00E988CD /* SearchFilterView2.swift in Sources */,
				614770EF294B0F4400E988CD /* LoginCoordinator.swift in Sources */,
				614770D9294A049D00E988CD /* FirebaseCategories.swift in Sources */,
				614770BF294A049D00E988CD /* WriteUserProfile.swift in Sources */,
				614770DB294A049D00E988CD /* Category.swift in Sources */,
				61B546DE295AE6C50083C71F /* FavouriteViewUikit.swift in Sources */,
				6147710E294DD8CD00E988CD /* SelectionTitle2.swift in Sources */,
				61477093294A049D00E988CD /* SingleAnnounceView.swift in Sources */,
				61B546F5296588730083C71F /* AnnouncesListViewUikit.swift in Sources */,
				614770CA294A049D00E988CD /* MessageCreateUpdate.swift in Sources */,
				614770AF294A049D00E988CD /* LoginRestrictedView.swift in Sources */,
				614770C9294A049D00E988CD /* MessageGet.swift in Sources */,
				614770AD294A049D00E988CD /* FirebaseSignIn.swift in Sources */,
				614770AC294A049D00E988CD /* fbSignIn.swift in Sources */,
				614770CB294A049D00E988CD /* MessageDI.swift in Sources */,
				61477102294B744300E988CD /* MessageCoordinator.swift in Sources */,
				614770AB294A049D00E988CD /* GoogleSignIn.swift in Sources */,
				17ECF631280C438F00D3E87F /* AppDelegate.swift in Sources */,
				614770B1294A049D00E988CD /* SignInWithCorrectProviderView.swift in Sources */,
				6147709B294A049D00E988CD /* CreateAnnounce.swift in Sources */,
				61477108294CBAED00E988CD /* SelectionCondition2.swift in Sources */,
				61B546F129657F6B0083C71F /* AnnounceCell.swift in Sources */,
				614770C1294A049D00E988CD /* User.swift in Sources */,
				614770D5294A049D00E988CD /* FavouriteHeartView.swift in Sources */,
				614770D2294A049D00E988CD /* FirebaseGeneralQuery.swift in Sources */,
				614770B9294A049D00E988CD /* FavouriteDI.swift in Sources */,
				614770CE294A049D00E988CD /* ChatView.swift in Sources */,
				61477100294B559E00E988CD /* UserCoordinator.swift in Sources */,
				614770C4294A049D00E988CD /* UserProfileView.swift in Sources */,
				61477112294DE58900E988CD /* PhotoUploadSheet2.swift in Sources */,
				614770D4294A049D00E988CD /* DIAssembler.swift in Sources */,
				6147710C294DD19000E988CD /* CategorySelection2.swift in Sources */,
				614770D3294A049D00E988CD /* FirebaseStorageGeneralQuery.swift in Sources */,
				61B546ED29641AE70083C71F /* AnnounceDetailedViewUikit.swift in Sources */,
				6147710A294CC2FC00E988CD /* CommonPartCreateAnnounceUikit.swift in Sources */,
				17ECF648280C450600D3E87F /* Coordinator.swift in Sources */,
				61477091294A049D00E988CD /* AnnounceDetailedViewVM.swift in Sources */,
				6147708F294A049D00E988CD /* AnnounceRepo.swift in Sources */,
				614770A9294A049D00E988CD /* DI_Logger.swift in Sources */,
				614770B5294A049D00E988CD /* LoginVM.swift in Sources */,
				614770D6294A049D00E988CD /* PhotoView.swift in Sources */,
				614770AA294A049D00E988CD /* LoggingState.swift in Sources */,
				6147711A294F013300E988CD /* HomePageView2.swift in Sources */,
				614770B8294A049D00E988CD /* FavouriteDomaine.swift in Sources */,
				17ECF655280C4A6200D3E87F /* MainCoordinator.swift in Sources */,
				614770DD294A049D00E988CD /* CategoriesViewVM.swift in Sources */,
				614770B0294A049D00E988CD /* LoginView.swift in Sources */,
				614770C3294A049D00E988CD /* MyAccountVM.swift in Sources */,
				6147711C2952FA2300E988CD /* FavouriteCoordinator.swift in Sources */,
				614770C8294A049D00E988CD /* FirebaseMessage.swift in Sources */,
				614770C0294A049D00E988CD /* UserDI.swift in Sources */,
				614770D7294A049D00E988CD /* ImagePicker.swift in Sources */,
				614770ED294A33B500E988CD /* LogginStateUikit.swift in Sources */,
				614770BB294A049D00E988CD /* FavouriteVM.swift in Sources */,
				614770C6294A049D00E988CD /* MyAnnounceVM.swift in Sources */,
				614770CF294A049D00E988CD /* MessageAnnounceRowView.swift in Sources */,
				61477099294A049D00E988CD /* CreateAnnounceFirebase.swift in Sources */,
				61477096294A049D00E988CD /* SearchFilterView.swift in Sources */,
				614770C7294A049D00E988CD /* MyAccountView.swift in Sources */,
				614770BE294A049D00E988CD /* GetUserProfile.swift in Sources */,
				6147709F294A049D00E988CD /* PhotoUploadView.swift in Sources */,
				614770C2294A049D00E988CD /* MyAnnouncesView.swift in Sources */,
				6147709C294A049D00E988CD /* CreateAnnounceVM.swift in Sources */,
				17ECF633280C438F00D3E87F /* SceneDelegate.swift in Sources */,
				614770D8294A049D00E988CD /* Camera.swift in Sources */,
				614770DA294A049D00E988CD /* CategoriesDI.swift in Sources */,
				614770A7294A049D00E988CD /* Announce.swift in Sources */,
				614770B6294A049D00E988CD /* RegisterEmailView.swift in Sources */,
				614770D0294A049D00E988CD /* MessagesView.swift in Sources */,
				614770A6294A049D00E988CD /* StartPageCreateAnnounce.swift in Sources */,
				61477090294A049D00E988CD /* getAnnounceDI.swift in Sources */,
				61477094294A049D00E988CD /* AnnouncesListVM.swift in Sources */,
				614770A8294A049D00E988CD /* AppLogger.swift in Sources */,
				614770B7294A049D00E988CD /* FireBaseFavourite.swift in Sources */,
				61477116294EEBC500E988CD /* GetAnnounceCoordinator.swift in Sources */,
				614770CD294A049D00E988CD /* ChatVM.swift in Sources */,
				61477110294DE03B00E988CD /* SelectionAddress2.swift in Sources */,
				614770BA294A049D00E988CD /* Favourite.swift in Sources */,
			);
			runOnlyForDeploymentPostprocessing = 0;
		};
/* End PBXSourcesBuildPhase section */

/* Begin PBXVariantGroup section */
		17ECF63B280C438F00D3E87F /* LaunchScreen.storyboard */ = {
			isa = PBXVariantGroup;
			children = (
				17ECF63C280C438F00D3E87F /* Base */,
			);
			name = LaunchScreen.storyboard;
			sourceTree = "<group>";
		};
/* End PBXVariantGroup section */

/* Begin XCBuildConfiguration section */
		17ECF63F280C438F00D3E87F /* Debug */ = {
			isa = XCBuildConfiguration;
			buildSettings = {
				ALWAYS_SEARCH_USER_PATHS = NO;
				CLANG_ANALYZER_NONNULL = YES;
				CLANG_ANALYZER_NUMBER_OBJECT_CONVERSION = YES_AGGRESSIVE;
				CLANG_CXX_LANGUAGE_STANDARD = "gnu++17";
				CLANG_ENABLE_MODULES = YES;
				CLANG_ENABLE_OBJC_ARC = YES;
				CLANG_ENABLE_OBJC_WEAK = YES;
				CLANG_WARN_BLOCK_CAPTURE_AUTORELEASING = YES;
				CLANG_WARN_BOOL_CONVERSION = YES;
				CLANG_WARN_COMMA = YES;
				CLANG_WARN_CONSTANT_CONVERSION = YES;
				CLANG_WARN_DEPRECATED_OBJC_IMPLEMENTATIONS = YES;
				CLANG_WARN_DIRECT_OBJC_ISA_USAGE = YES_ERROR;
				CLANG_WARN_DOCUMENTATION_COMMENTS = YES;
				CLANG_WARN_EMPTY_BODY = YES;
				CLANG_WARN_ENUM_CONVERSION = YES;
				CLANG_WARN_INFINITE_RECURSION = YES;
				CLANG_WARN_INT_CONVERSION = YES;
				CLANG_WARN_NON_LITERAL_NULL_CONVERSION = YES;
				CLANG_WARN_OBJC_IMPLICIT_RETAIN_SELF = YES;
				CLANG_WARN_OBJC_LITERAL_CONVERSION = YES;
				CLANG_WARN_OBJC_ROOT_CLASS = YES_ERROR;
				CLANG_WARN_QUOTED_INCLUDE_IN_FRAMEWORK_HEADER = YES;
				CLANG_WARN_RANGE_LOOP_ANALYSIS = YES;
				CLANG_WARN_STRICT_PROTOTYPES = YES;
				CLANG_WARN_SUSPICIOUS_MOVE = YES;
				CLANG_WARN_UNGUARDED_AVAILABILITY = YES_AGGRESSIVE;
				CLANG_WARN_UNREACHABLE_CODE = YES;
				CLANG_WARN__DUPLICATE_METHOD_MATCH = YES;
				COPY_PHASE_STRIP = NO;
				DEBUG_INFORMATION_FORMAT = dwarf;
				ENABLE_STRICT_OBJC_MSGSEND = YES;
				ENABLE_TESTABILITY = YES;
				GCC_C_LANGUAGE_STANDARD = gnu11;
				GCC_DYNAMIC_NO_PIC = NO;
				GCC_NO_COMMON_BLOCKS = YES;
				GCC_OPTIMIZATION_LEVEL = 0;
				GCC_PREPROCESSOR_DEFINITIONS = (
					"DEBUG=1",
					"$(inherited)",
				);
				GCC_WARN_64_TO_32_BIT_CONVERSION = YES;
				GCC_WARN_ABOUT_RETURN_TYPE = YES_ERROR;
				GCC_WARN_UNDECLARED_SELECTOR = YES;
				GCC_WARN_UNINITIALIZED_AUTOS = YES_AGGRESSIVE;
				GCC_WARN_UNUSED_FUNCTION = YES;
				GCC_WARN_UNUSED_VARIABLE = YES;
				IPHONEOS_DEPLOYMENT_TARGET = 15.4;
				MTL_ENABLE_DEBUG_INFO = INCLUDE_SOURCE;
				MTL_FAST_MATH = YES;
				ONLY_ACTIVE_ARCH = YES;
				SDKROOT = iphoneos;
				SWIFT_ACTIVE_COMPILATION_CONDITIONS = DEBUG;
				SWIFT_OPTIMIZATION_LEVEL = "-Onone";
			};
			name = Debug;
		};
		17ECF640280C438F00D3E87F /* Release */ = {
			isa = XCBuildConfiguration;
			buildSettings = {
				ALWAYS_SEARCH_USER_PATHS = NO;
				CLANG_ANALYZER_NONNULL = YES;
				CLANG_ANALYZER_NUMBER_OBJECT_CONVERSION = YES_AGGRESSIVE;
				CLANG_CXX_LANGUAGE_STANDARD = "gnu++17";
				CLANG_ENABLE_MODULES = YES;
				CLANG_ENABLE_OBJC_ARC = YES;
				CLANG_ENABLE_OBJC_WEAK = YES;
				CLANG_WARN_BLOCK_CAPTURE_AUTORELEASING = YES;
				CLANG_WARN_BOOL_CONVERSION = YES;
				CLANG_WARN_COMMA = YES;
				CLANG_WARN_CONSTANT_CONVERSION = YES;
				CLANG_WARN_DEPRECATED_OBJC_IMPLEMENTATIONS = YES;
				CLANG_WARN_DIRECT_OBJC_ISA_USAGE = YES_ERROR;
				CLANG_WARN_DOCUMENTATION_COMMENTS = YES;
				CLANG_WARN_EMPTY_BODY = YES;
				CLANG_WARN_ENUM_CONVERSION = YES;
				CLANG_WARN_INFINITE_RECURSION = YES;
				CLANG_WARN_INT_CONVERSION = YES;
				CLANG_WARN_NON_LITERAL_NULL_CONVERSION = YES;
				CLANG_WARN_OBJC_IMPLICIT_RETAIN_SELF = YES;
				CLANG_WARN_OBJC_LITERAL_CONVERSION = YES;
				CLANG_WARN_OBJC_ROOT_CLASS = YES_ERROR;
				CLANG_WARN_QUOTED_INCLUDE_IN_FRAMEWORK_HEADER = YES;
				CLANG_WARN_RANGE_LOOP_ANALYSIS = YES;
				CLANG_WARN_STRICT_PROTOTYPES = YES;
				CLANG_WARN_SUSPICIOUS_MOVE = YES;
				CLANG_WARN_UNGUARDED_AVAILABILITY = YES_AGGRESSIVE;
				CLANG_WARN_UNREACHABLE_CODE = YES;
				CLANG_WARN__DUPLICATE_METHOD_MATCH = YES;
				COPY_PHASE_STRIP = NO;
				DEBUG_INFORMATION_FORMAT = "dwarf-with-dsym";
				ENABLE_NS_ASSERTIONS = NO;
				ENABLE_STRICT_OBJC_MSGSEND = YES;
				GCC_C_LANGUAGE_STANDARD = gnu11;
				GCC_NO_COMMON_BLOCKS = YES;
				GCC_WARN_64_TO_32_BIT_CONVERSION = YES;
				GCC_WARN_ABOUT_RETURN_TYPE = YES_ERROR;
				GCC_WARN_UNDECLARED_SELECTOR = YES;
				GCC_WARN_UNINITIALIZED_AUTOS = YES_AGGRESSIVE;
				GCC_WARN_UNUSED_FUNCTION = YES;
				GCC_WARN_UNUSED_VARIABLE = YES;
				IPHONEOS_DEPLOYMENT_TARGET = 15.4;
				MTL_ENABLE_DEBUG_INFO = NO;
				MTL_FAST_MATH = YES;
				SDKROOT = iphoneos;
				SWIFT_COMPILATION_MODE = wholemodule;
				SWIFT_OPTIMIZATION_LEVEL = "-O";
				VALIDATE_PRODUCT = YES;
			};
			name = Release;
		};
		17ECF642280C438F00D3E87F /* Debug */ = {
			isa = XCBuildConfiguration;
			buildSettings = {
				ASSETCATALOG_COMPILER_APPICON_NAME = AppIcon;
				ASSETCATALOG_COMPILER_GLOBAL_ACCENT_COLOR_NAME = AccentColor;
				CODE_SIGN_STYLE = Automatic;
				CURRENT_PROJECT_VERSION = 1;
				DEVELOPMENT_TEAM = 7FAYNZLSH6;
				GENERATE_INFOPLIST_FILE = YES;
				INFOPLIST_FILE = CoordinatorProject/Info.plist;
				INFOPLIST_KEY_UIApplicationSupportsIndirectInputEvents = YES;
				INFOPLIST_KEY_UILaunchStoryboardName = LaunchScreen;
				INFOPLIST_KEY_UISupportedInterfaceOrientations_iPad = "UIInterfaceOrientationPortrait UIInterfaceOrientationPortraitUpsideDown UIInterfaceOrientationLandscapeLeft UIInterfaceOrientationLandscapeRight";
				INFOPLIST_KEY_UISupportedInterfaceOrientations_iPhone = "UIInterfaceOrientationPortrait UIInterfaceOrientationLandscapeLeft UIInterfaceOrientationLandscapeRight";
				IPHONEOS_DEPLOYMENT_TARGET = 16.0;
				LD_RUNPATH_SEARCH_PATHS = (
					"$(inherited)",
					"@executable_path/Frameworks",
				);
				MARKETING_VERSION = 1.0;
				PRODUCT_BUNDLE_IDENTIFIER = com.szakal1.CoordinatorProject;
				PRODUCT_NAME = "$(TARGET_NAME)";
				SWIFT_EMIT_LOC_STRINGS = YES;
				SWIFT_VERSION = 5.0;
				TARGETED_DEVICE_FAMILY = "1,2";
			};
			name = Debug;
		};
		17ECF643280C438F00D3E87F /* Release */ = {
			isa = XCBuildConfiguration;
			buildSettings = {
				ASSETCATALOG_COMPILER_APPICON_NAME = AppIcon;
				ASSETCATALOG_COMPILER_GLOBAL_ACCENT_COLOR_NAME = AccentColor;
				CODE_SIGN_STYLE = Automatic;
				CURRENT_PROJECT_VERSION = 1;
				DEVELOPMENT_TEAM = 54YLWD89Z8;
				GENERATE_INFOPLIST_FILE = YES;
				INFOPLIST_FILE = CoordinatorProject/Info.plist;
				INFOPLIST_KEY_UIApplicationSupportsIndirectInputEvents = YES;
				INFOPLIST_KEY_UILaunchStoryboardName = LaunchScreen;
				INFOPLIST_KEY_UISupportedInterfaceOrientations_iPad = "UIInterfaceOrientationPortrait UIInterfaceOrientationPortraitUpsideDown UIInterfaceOrientationLandscapeLeft UIInterfaceOrientationLandscapeRight";
				INFOPLIST_KEY_UISupportedInterfaceOrientations_iPhone = "UIInterfaceOrientationPortrait UIInterfaceOrientationLandscapeLeft UIInterfaceOrientationLandscapeRight";
				IPHONEOS_DEPLOYMENT_TARGET = 16.0;
				LD_RUNPATH_SEARCH_PATHS = (
					"$(inherited)",
					"@executable_path/Frameworks",
				);
				MARKETING_VERSION = 1.0;
				PRODUCT_BUNDLE_IDENTIFIER = com.karinprater.CoordinatorProject;
				PRODUCT_NAME = "$(TARGET_NAME)";
				SWIFT_EMIT_LOC_STRINGS = YES;
				SWIFT_VERSION = 5.0;
				TARGETED_DEVICE_FAMILY = "1,2";
			};
			name = Release;
		};
/* End XCBuildConfiguration section */

/* Begin XCConfigurationList section */
		17ECF628280C438F00D3E87F /* Build configuration list for PBXProject "CoordinatorProject" */ = {
			isa = XCConfigurationList;
			buildConfigurations = (
				17ECF63F280C438F00D3E87F /* Debug */,
				17ECF640280C438F00D3E87F /* Release */,
			);
			defaultConfigurationIsVisible = 0;
			defaultConfigurationName = Release;
		};
		17ECF641280C438F00D3E87F /* Build configuration list for PBXNativeTarget "CoordinatorProject" */ = {
			isa = XCConfigurationList;
			buildConfigurations = (
				17ECF642280C438F00D3E87F /* Debug */,
				17ECF643280C438F00D3E87F /* Release */,
			);
			defaultConfigurationIsVisible = 0;
			defaultConfigurationName = Release;
		};
/* End XCConfigurationList section */

/* Begin XCRemoteSwiftPackageReference section */
		614770E5294A0E6E00E988CD /* XCRemoteSwiftPackageReference "GoogleSignIn-iOS" */ = {
			isa = XCRemoteSwiftPackageReference;
			repositoryURL = "https://github.com/google/GoogleSignIn-iOS";
			requirement = {
				kind = exactVersion;
				version = 6.2.4;
			};
		};
		6163393B294A01CE006A10A5 /* XCRemoteSwiftPackageReference "NukeUI" */ = {
			isa = XCRemoteSwiftPackageReference;
			repositoryURL = "https://github.com/kean/NukeUI";
			requirement = {
				branch = main;
				kind = branch;
			};
		};
		61633943294A0280006A10A5 /* XCRemoteSwiftPackageReference "firebase-ios-sdk" */ = {
			isa = XCRemoteSwiftPackageReference;
			repositoryURL = "https://github.com/firebase/firebase-ios-sdk.git";
			requirement = {
				branch = master;
				kind = branch;
			};
		};
		6163394C294A0321006A10A5 /* XCRemoteSwiftPackageReference "Swinject" */ = {
			isa = XCRemoteSwiftPackageReference;
			repositoryURL = "https://github.com/Swinject/Swinject.git";
			requirement = {
				kind = upToNextMajorVersion;
				minimumVersion = 2.0.0;
			};
		};
		61B546E8295B3D2C0083C71F /* XCRemoteSwiftPackageReference "SDWebImage" */ = {
			isa = XCRemoteSwiftPackageReference;
			repositoryURL = "https://github.com/SDWebImage/SDWebImage";
			requirement = {
				kind = upToNextMajorVersion;
				minimumVersion = 5.0.0;
			};
		};
/* End XCRemoteSwiftPackageReference section */

/* Begin XCSwiftPackageProductDependency section */
		614770E6294A0E6E00E988CD /* GoogleSignIn */ = {
			isa = XCSwiftPackageProductDependency;
			package = 614770E5294A0E6E00E988CD /* XCRemoteSwiftPackageReference "GoogleSignIn-iOS" */;
			productName = GoogleSignIn;
		};
		614770E8294A0E6E00E988CD /* GoogleSignInSwift */ = {
			isa = XCSwiftPackageProductDependency;
			package = 614770E5294A0E6E00E988CD /* XCRemoteSwiftPackageReference "GoogleSignIn-iOS" */;
			productName = GoogleSignInSwift;
		};
		6163393C294A01CE006A10A5 /* NukeUI */ = {
			isa = XCSwiftPackageProductDependency;
			package = 6163393B294A01CE006A10A5 /* XCRemoteSwiftPackageReference "NukeUI" */;
			productName = NukeUI;
		};
		61633944294A0280006A10A5 /* FirebaseAuth */ = {
			isa = XCSwiftPackageProductDependency;
			package = 61633943294A0280006A10A5 /* XCRemoteSwiftPackageReference "firebase-ios-sdk" */;
			productName = FirebaseAuth;
		};
		61633946294A0280006A10A5 /* FirebaseFirestore */ = {
			isa = XCSwiftPackageProductDependency;
			package = 61633943294A0280006A10A5 /* XCRemoteSwiftPackageReference "firebase-ios-sdk" */;
			productName = FirebaseFirestore;
		};
		61633948294A0280006A10A5 /* FirebaseFirestoreSwift */ = {
			isa = XCSwiftPackageProductDependency;
			package = 61633943294A0280006A10A5 /* XCRemoteSwiftPackageReference "firebase-ios-sdk" */;
			productName = FirebaseFirestoreSwift;
		};
		6163394A294A0280006A10A5 /* FirebaseStorage */ = {
			isa = XCSwiftPackageProductDependency;
			package = 61633943294A0280006A10A5 /* XCRemoteSwiftPackageReference "firebase-ios-sdk" */;
			productName = FirebaseStorage;
		};
		6163394D294A0321006A10A5 /* Swinject */ = {
			isa = XCSwiftPackageProductDependency;
			package = 6163394C294A0321006A10A5 /* XCRemoteSwiftPackageReference "Swinject" */;
			productName = Swinject;
		};
		61B546E9295B3D2C0083C71F /* SDWebImage */ = {
			isa = XCSwiftPackageProductDependency;
			package = 61B546E8295B3D2C0083C71F /* XCRemoteSwiftPackageReference "SDWebImage" */;
			productName = SDWebImage;
		};
/* End XCSwiftPackageProductDependency section */
	};
	rootObject = 17ECF625280C438F00D3E87F /* Project object */;
}
